
Microsoft Visual Studio Solution File, Format Version 12.00
Project("{FAE04EC0-301F-11D3-BF4B-00C04F79EFBC}") = "stream-subscription-api", "Api\Api.csproj", "{5B579575-BFD3-48A2-8003-E2468A5248CB}"
EndProject
Project("{FAE04EC0-301F-11D3-BF4B-00C04F79EFBC}") = "Logic", "Logic\Logic.csproj", "{E68DD402-5CC6-46ED-A624-AC5E17335802}"
EndProject
Project("{FAE04EC0-301F-11D3-BF4B-00C04F79EFBC}") = "Models", "Models\Models.csproj", "{CCF25A08-447F-4BDE-B727-336C78BB71AE}"
EndProject
Project("{FAE04EC0-301F-11D3-BF4B-00C04F79EFBC}") = "Dal", "Dal\Dal.csproj", "{662891FC-7A9B-4DB0-BD31-07B02BE52E05}"
EndProject
Global
	GlobalSection(SolutionConfigurationPlatforms) = preSolution
		Debug|Any CPU = Debug|Any CPU
		Release|Any CPU = Release|Any CPU
	EndGlobalSection
	GlobalSection(ProjectConfigurationPlatforms) = postSolution
		{5B579575-BFD3-48A2-8003-E2468A5248CB}.Debug|Any CPU.ActiveCfg = Debug|Any CPU
		{5B579575-BFD3-48A2-8003-E2468A5248CB}.Debug|Any CPU.Build.0 = Debug|Any CPU
		{5B579575-BFD3-48A2-8003-E2468A5248CB}.Release|Any CPU.ActiveCfg = Release|Any CPU
		{5B579575-BFD3-48A2-8003-E2468A5248CB}.Release|Any CPU.Build.0 = Release|Any CPU
		{E68DD402-5CC6-46ED-A624-AC5E17335802}.Debug|Any CPU.ActiveCfg = Debug|Any CPU
		{E68DD402-5CC6-46ED-A624-AC5E17335802}.Debug|Any CPU.Build.0 = Debug|Any CPU
		{E68DD402-5CC6-46ED-A624-AC5E17335802}.Release|Any CPU.ActiveCfg = Release|Any CPU
		{E68DD402-5CC6-46ED-A624-AC5E17335802}.Release|Any CPU.Build.0 = Release|Any CPU
		{CCF25A08-447F-4BDE-B727-336C78BB71AE}.Debug|Any CPU.ActiveCfg = Debug|Any CPU
		{CCF25A08-447F-4BDE-B727-336C78BB71AE}.Debug|Any CPU.Build.0 = Debug|Any CPU
		{CCF25A08-447F-4BDE-B727-336C78BB71AE}.Release|Any CPU.ActiveCfg = Release|Any CPU
		{CCF25A08-447F-4BDE-B727-336C78BB71AE}.Release|Any CPU.Build.0 = Release|Any CPU
		{662891FC-7A9B-4DB0-BD31-07B02BE52E05}.Debug|Any CPU.ActiveCfg = Debug|Any CPU
		{662891FC-7A9B-4DB0-BD31-07B02BE52E05}.Debug|Any CPU.Build.0 = Debug|Any CPU
		{662891FC-7A9B-4DB0-BD31-07B02BE52E05}.Release|Any CPU.ActiveCfg = Release|Any CPU
		{662891FC-7A9B-4DB0-BD31-07B02BE52E05}.Release|Any CPU.Build.0 = Release|Any CPU
	EndGlobalSection
EndGlobal
